PODS:
  - aliyun_video (0.0.1):
    - Flutter
  - Flutter (1.0.0)
  - permission_handler (4.0.0):
    - Flutter
  - video_player (0.0.1):
    - Flutter

DEPENDENCIES:
  - aliyun_video (from `.symlinks/plugins/aliyun_video/ios`)
  - Flutter (from `.symlinks/flutter/ios`)
  - permission_handler (from `.symlinks/plugins/permission_handler/ios`)
  - video_player (from `.symlinks/plugins/video_player/ios`)

EXTERNAL SOURCES:
  aliyun_video:
    :path: ".symlinks/plugins/aliyun_video/ios"
  Flutter:
    :path: ".symlinks/flutter/ios"
  permission_handler:
    :path: ".symlinks/plugins/permission_handler/ios"
  video_player:
    :path: ".symlinks/plugins/video_player/ios"

SPEC CHECKSUMS:
  aliyun_video: 11bbd12df5ea493a1517336932630d2abfe4b8ee
  Flutter: 0e3d915762c693b495b44d77113d4970485de6ec
  permission_handler: 0fb88b8a3c23e31e5de45b8f1bb8b7de28cf8941
  video_player: 69c5f029fac4ffe4fc8a85ea7f7b793709661549

PODFILE CHECKSUM: 10ae9c18d12c9ffc2275c9a159a3b1e281990db0

COCOAPODS: 1.8.4
